
Microsoft Visual Studio Solution File, Format Version 12.00
# Visual Studio 14
VisualStudioVersion = 14.0.25420.1
MinimumVisualStudioVersion = 10.0.40219.1
Project("{2150E333-8FDC-42A3-9474-1A3956D46DE8}") = "Debugging", "Debugging", "{CA632AD4-D146-4A87-9D79-E69DE86B0C05}"
EndProject
Project("{FAE04EC0-301F-11D3-BF4B-00C04F79EFBC}") = "TipsAndTraps.DebuggerDisplayDemo", "TipsAndTraps.DebuggerDisplayDemo\TipsAndTraps.DebuggerDisplayDemo.csproj", "{88F365FA-9FED-4996-B2F3-9329B88992CF}"
EndProject
Global
	GlobalSection(SolutionConfigurationPlatforms) = preSolution
		Debug|Any CPU = Debug|Any CPU
		Release|Any CPU = Release|Any CPU
	EndGlobalSection
	GlobalSection(ProjectConfigurationPlatforms) = postSolution
		{88F365FA-9FED-4996-B2F3-9329B88992CF}.Debug|Any CPU.ActiveCfg = Debug|Any CPU
		{88F365FA-9FED-4996-B2F3-9329B88992CF}.Debug|Any CPU.Build.0 = Debug|Any CPU
		{88F365FA-9FED-4996-B2F3-9329B88992CF}.Release|Any CPU.ActiveCfg = Release|Any CPU
		{88F365FA-9FED-4996-B2F3-9329B88992CF}.Release|Any CPU.Build.0 = Release|Any CPU
	EndGlobalSection
	GlobalSection(SolutionProperties) = preSolution
		HideSolutionNode = FALSE
	EndGlobalSection
	GlobalSection(NestedProjects) = preSolution
		{88F365FA-9FED-4996-B2F3-9329B88992CF} = {CA632AD4-D146-4A87-9D79-E69DE86B0C05}
	EndGlobalSection
EndGlobal
